# This file is autogenerated, do not edit; changes may be undone by the next 'dep ensure'.


[[projects]]
  branch = "master"
  name = "github.com/armon/go-metrics"
  packages = ["."]
  revision = "f036747b9d0e8590f175a5d654a2194a7d9df4b5"

[[projects]]
  name = "github.com/dimfeld/httptreemux"
  packages = ["."]
  revision = "13dde8a00d96b369e7398490fd8a3af9ca114b84"
  version = "v3.9.0"

[[projects]]
  name = "github.com/goadesign/goa"
  packages = [".","client","cors","goatest","middleware","uuid"]
  revision = "58f3177f36f2c50ee6119da92795e48bac6d6243"
  version = "v1.2.0"

[[projects]]
  name = "github.com/satori/go.uuid"
  packages = ["."]
  revision = "879c5887cd475cd7864858769793b2ceb0d44feb"
  version = "v1.1.0"

[[projects]]
  branch = "master"
  name = "github.com/tylerb/graceful"
  packages = ["."]
  revision = "d72b0151351a13d0421b763b88f791469c4f5dc7"

[[projects]]
  branch = "master"
  name = "golang.org/x/net"
  packages = ["websocket"]
  revision = "973f3f3bbd50e92b13faa6c53ec16f49b45e851c"

[solve-meta]
  analyzer-name = "dep"
  analyzer-version = 1
  inputs-digest = "4be33df16363f278e5d99f7c1c6dd9090aaca9f5f31e94ad43e2207426964236"
  solver-name = "gps-cdcl"
  solver-version = 1
